
Microsoft Visual Studio Solution File, Format Version 12.00
# Visual Studio Version 17
VisualStudioVersion = 17.6.33829.357
MinimumVisualStudioVersion = 10.0.40219.1
Project("{FAE04EC0-301F-11D3-BF4B-00C04F79EFBC}") = "ComPortListener", "ComPortListener.csproj", "{3B06C1EF-082F-4143-99FA-B789A818CDCD}"
EndProject
Global
	GlobalSection(SolutionConfigurationPlatforms) = preSolution
		Debug|Any CPU = Debug|Any CPU
		Release|Any CPU = Release|Any CPU
	EndGlobalSection
	GlobalSection(ProjectConfigurationPlatforms) = postSolution
		{3B06C1EF-082F-4143-99FA-B789A818CDCD}.Debug|Any CPU.ActiveCfg = Debug|Any CPU
		{3B06C1EF-082F-4143-99FA-B789A818CDCD}.Debug|Any CPU.Build.0 = Debug|Any CPU
		{3B06C1EF-082F-4143-99FA-B789A818CDCD}.Release|Any CPU.ActiveCfg = Release|Any CPU
		{3B06C1EF-082F-4143-99FA-B789A818CDCD}.Release|Any CPU.Build.0 = Release|Any CPU
	EndGlobalSection
	GlobalSection(SolutionProperties) = preSolution
		HideSolutionNode = FALSE
	EndGlobalSection
	GlobalSection(ExtensibilityGlobals) = postSolution
		SolutionGuid = {656875D2-8D93-4529-877A-3726D76EC394}
	EndGlobalSection
EndGlobal
